
Microsoft Visual Studio Solution File, Format Version 12.00
# Visual Studio Version 17
VisualStudioVersion = 17.1.32210.238
MinimumVisualStudioVersion = 10.0.40219.1
Project("{2150E333-8FDC-42A3-9474-1A3956D46DE8}") = "Services", "Services", "{7418A2DC-69B6-4C9D-88A0-8C63774D784F}"
EndProject
Project("{2150E333-8FDC-42A3-9474-1A3956D46DE8}") = "Catalog", "Catalog", "{27B97E32-A1BD-4945-8407-BFFE21A0292C}"
EndProject
Project("{9A19103F-16F7-4668-BE54-9A1E7A4F7556}") = "SampleMicroservices.Services.Catalog", "Services\Catalog\SampleMicroservices.Services.Catalog\SampleMicroservices.Services.Catalog.csproj", "{ACA33DBB-9B13-40CE-80CC-2ED40BAACF47}"
EndProject
Project("{2150E333-8FDC-42A3-9474-1A3956D46DE8}") = "Solution Items", "Solution Items", "{4FE6C32C-9689-4FA4-95F8-C94842FD4725}"
	ProjectSection(SolutionItems) = preProject
		Info.txt = Info.txt
		Ports.txt = Ports.txt
	EndProjectSection
EndProject
Project("{2150E333-8FDC-42A3-9474-1A3956D46DE8}") = "Shared", "Shared", "{4D8F6618-F8F0-4CFF-9D11-6D43143FE210}"
EndProject
Project("{9A19103F-16F7-4668-BE54-9A1E7A4F7556}") = "SampleMicroservices.Shared", "Shared\SampleMicroservices.Shared\SampleMicroservices.Shared.csproj", "{54D9B862-2777-4D78-8A7A-0CC35204AB9B}"
EndProject
Project("{2150E333-8FDC-42A3-9474-1A3956D46DE8}") = "IdentityServer", "IdentityServer", "{541334ED-E00A-40CF-99B4-1C1F414EE5F8}"
EndProject
Project("{9A19103F-16F7-4668-BE54-9A1E7A4F7556}") = "SampleMicroservices.IdentityServer", "IdentityServer\SampleMicroservices.IdentityServer\SampleMicroservices.IdentityServer.csproj", "{7051EA89-0C68-4432-B317-C83B1E6398DE}"
EndProject
Project("{2150E333-8FDC-42A3-9474-1A3956D46DE8}") = "Photo", "Photo", "{5B92A892-2E43-4C09-846A-9440466012CB}"
EndProject
Project("{9A19103F-16F7-4668-BE54-9A1E7A4F7556}") = "SampleMicroservices.Services.Photo", "Services\Photo\SampleMicroservices.Services.Photo\SampleMicroservices.Services.Photo.csproj", "{AC223C7E-D728-40B0-94C2-AA4C08CCE7F8}"
EndProject
Project("{2150E333-8FDC-42A3-9474-1A3956D46DE8}") = "Basket", "Basket", "{3961615A-A157-4812-9682-F96EDBFABC3B}"
EndProject
Project("{2150E333-8FDC-42A3-9474-1A3956D46DE8}") = "Discount", "Discount", "{33D5A511-C6EC-4D15-B424-8C8CD50B61A1}"
EndProject
Project("{9A19103F-16F7-4668-BE54-9A1E7A4F7556}") = "SampleMicroservices.Services.Discount", "Services\Discount\SampleMicroservices.Services.Discount\SampleMicroservices.Services.Discount.csproj", "{E7C75066-D3E0-4C0B-942E-1A637818584E}"
EndProject
Project("{9A19103F-16F7-4668-BE54-9A1E7A4F7556}") = "SampleMicroservices.Services.Basket", "Services\Basket\SampleMicroservices.Services.Basket\SampleMicroservices.Services.Basket.csproj", "{9F0D3A24-0D68-4AA6-A8B0-FB5A9684ED3D}"
EndProject
Global
	GlobalSection(SolutionConfigurationPlatforms) = preSolution
		Debug|Any CPU = Debug|Any CPU
		Release|Any CPU = Release|Any CPU
	EndGlobalSection
	GlobalSection(ProjectConfigurationPlatforms) = postSolution
		{ACA33DBB-9B13-40CE-80CC-2ED40BAACF47}.Debug|Any CPU.ActiveCfg = Debug|Any CPU
		{ACA33DBB-9B13-40CE-80CC-2ED40BAACF47}.Debug|Any CPU.Build.0 = Debug|Any CPU
		{ACA33DBB-9B13-40CE-80CC-2ED40BAACF47}.Release|Any CPU.ActiveCfg = Release|Any CPU
		{ACA33DBB-9B13-40CE-80CC-2ED40BAACF47}.Release|Any CPU.Build.0 = Release|Any CPU
		{54D9B862-2777-4D78-8A7A-0CC35204AB9B}.Debug|Any CPU.ActiveCfg = Debug|Any CPU
		{54D9B862-2777-4D78-8A7A-0CC35204AB9B}.Debug|Any CPU.Build.0 = Debug|Any CPU
		{54D9B862-2777-4D78-8A7A-0CC35204AB9B}.Release|Any CPU.ActiveCfg = Release|Any CPU
		{54D9B862-2777-4D78-8A7A-0CC35204AB9B}.Release|Any CPU.Build.0 = Release|Any CPU
		{7051EA89-0C68-4432-B317-C83B1E6398DE}.Debug|Any CPU.ActiveCfg = Debug|Any CPU
		{7051EA89-0C68-4432-B317-C83B1E6398DE}.Debug|Any CPU.Build.0 = Debug|Any CPU
		{7051EA89-0C68-4432-B317-C83B1E6398DE}.Release|Any CPU.ActiveCfg = Release|Any CPU
		{7051EA89-0C68-4432-B317-C83B1E6398DE}.Release|Any CPU.Build.0 = Release|Any CPU
		{AC223C7E-D728-40B0-94C2-AA4C08CCE7F8}.Debug|Any CPU.ActiveCfg = Debug|Any CPU
		{AC223C7E-D728-40B0-94C2-AA4C08CCE7F8}.Debug|Any CPU.Build.0 = Debug|Any CPU
		{AC223C7E-D728-40B0-94C2-AA4C08CCE7F8}.Release|Any CPU.ActiveCfg = Release|Any CPU
		{AC223C7E-D728-40B0-94C2-AA4C08CCE7F8}.Release|Any CPU.Build.0 = Release|Any CPU
		{E7C75066-D3E0-4C0B-942E-1A637818584E}.Debug|Any CPU.ActiveCfg = Debug|Any CPU
		{E7C75066-D3E0-4C0B-942E-1A637818584E}.Debug|Any CPU.Build.0 = Debug|Any CPU
		{E7C75066-D3E0-4C0B-942E-1A637818584E}.Release|Any CPU.ActiveCfg = Release|Any CPU
		{E7C75066-D3E0-4C0B-942E-1A637818584E}.Release|Any CPU.Build.0 = Release|Any CPU
		{9F0D3A24-0D68-4AA6-A8B0-FB5A9684ED3D}.Debug|Any CPU.ActiveCfg = Debug|Any CPU
		{9F0D3A24-0D68-4AA6-A8B0-FB5A9684ED3D}.Debug|Any CPU.Build.0 = Debug|Any CPU
		{9F0D3A24-0D68-4AA6-A8B0-FB5A9684ED3D}.Release|Any CPU.ActiveCfg = Release|Any CPU
		{9F0D3A24-0D68-4AA6-A8B0-FB5A9684ED3D}.Release|Any CPU.Build.0 = Release|Any CPU
	EndGlobalSection
	GlobalSection(SolutionProperties) = preSolution
		HideSolutionNode = FALSE
	EndGlobalSection
	GlobalSection(NestedProjects) = preSolution
		{27B97E32-A1BD-4945-8407-BFFE21A0292C} = {7418A2DC-69B6-4C9D-88A0-8C63774D784F}
		{ACA33DBB-9B13-40CE-80CC-2ED40BAACF47} = {27B97E32-A1BD-4945-8407-BFFE21A0292C}
		{54D9B862-2777-4D78-8A7A-0CC35204AB9B} = {4D8F6618-F8F0-4CFF-9D11-6D43143FE210}
		{7051EA89-0C68-4432-B317-C83B1E6398DE} = {541334ED-E00A-40CF-99B4-1C1F414EE5F8}
		{5B92A892-2E43-4C09-846A-9440466012CB} = {7418A2DC-69B6-4C9D-88A0-8C63774D784F}
		{AC223C7E-D728-40B0-94C2-AA4C08CCE7F8} = {5B92A892-2E43-4C09-846A-9440466012CB}
		{3961615A-A157-4812-9682-F96EDBFABC3B} = {7418A2DC-69B6-4C9D-88A0-8C63774D784F}
		{33D5A511-C6EC-4D15-B424-8C8CD50B61A1} = {7418A2DC-69B6-4C9D-88A0-8C63774D784F}
		{E7C75066-D3E0-4C0B-942E-1A637818584E} = {33D5A511-C6EC-4D15-B424-8C8CD50B61A1}
		{9F0D3A24-0D68-4AA6-A8B0-FB5A9684ED3D} = {3961615A-A157-4812-9682-F96EDBFABC3B}
	EndGlobalSection
	GlobalSection(ExtensibilityGlobals) = postSolution
		SolutionGuid = {A5F746C9-DF37-41C7-B69F-58AE8718C46D}
	EndGlobalSection
EndGlobal
