
Microsoft Visual Studio Solution File, Format Version 12.00
# Visual Studio Version 17
VisualStudioVersion = 17.1.32210.238
MinimumVisualStudioVersion = 10.0.40219.1
Project("{2150E333-8FDC-42A3-9474-1A3956D46DE8}") = "Services", "Services", "{7418A2DC-69B6-4C9D-88A0-8C63774D784F}"
EndProject
Project("{2150E333-8FDC-42A3-9474-1A3956D46DE8}") = "Catalog", "Catalog", "{27B97E32-A1BD-4945-8407-BFFE21A0292C}"
EndProject
Project("{9A19103F-16F7-4668-BE54-9A1E7A4F7556}") = "SampleMicroservices.Services.Catalog", "Services\Catalog\SampleMicroservices.Services.Catalog\SampleMicroservices.Services.Catalog.csproj", "{ACA33DBB-9B13-40CE-80CC-2ED40BAACF47}"
EndProject
Project("{2150E333-8FDC-42A3-9474-1A3956D46DE8}") = "Solution Items", "Solution Items", "{4FE6C32C-9689-4FA4-95F8-C94842FD4725}"
	ProjectSection(SolutionItems) = preProject
		Info.txt = Info.txt
		Ports.txt = Ports.txt
	EndProjectSection
EndProject
Project("{2150E333-8FDC-42A3-9474-1A3956D46DE8}") = "Shared", "Shared", "{4D8F6618-F8F0-4CFF-9D11-6D43143FE210}"
EndProject
Project("{9A19103F-16F7-4668-BE54-9A1E7A4F7556}") = "SampleMicroservices.Shared", "Shared\SampleMicroservices.Shared\SampleMicroservices.Shared.csproj", "{54D9B862-2777-4D78-8A7A-0CC35204AB9B}"
EndProject
Project("{2150E333-8FDC-42A3-9474-1A3956D46DE8}") = "IdentityServer", "IdentityServer", "{541334ED-E00A-40CF-99B4-1C1F414EE5F8}"
EndProject
Project("{9A19103F-16F7-4668-BE54-9A1E7A4F7556}") = "SampleMicroservices.IdentityServer", "IdentityServer\SampleMicroservices.IdentityServer\SampleMicroservices.IdentityServer.csproj", "{7051EA89-0C68-4432-B317-C83B1E6398DE}"
EndProject
Project("{2150E333-8FDC-42A3-9474-1A3956D46DE8}") = "Photo", "Photo", "{5B92A892-2E43-4C09-846A-9440466012CB}"
EndProject
Project("{9A19103F-16F7-4668-BE54-9A1E7A4F7556}") = "SampleMicroservices.Services.Photo", "Services\Photo\SampleMicroservices.Services.Photo\SampleMicroservices.Services.Photo.csproj", "{AC223C7E-D728-40B0-94C2-AA4C08CCE7F8}"
EndProject
Project("{2150E333-8FDC-42A3-9474-1A3956D46DE8}") = "Basket", "Basket", "{3961615A-A157-4812-9682-F96EDBFABC3B}"
EndProject
Project("{2150E333-8FDC-42A3-9474-1A3956D46DE8}") = "Discount", "Discount", "{33D5A511-C6EC-4D15-B424-8C8CD50B61A1}"
EndProject
Project("{9A19103F-16F7-4668-BE54-9A1E7A4F7556}") = "SampleMicroservices.Services.Discount", "Services\Discount\SampleMicroservices.Services.Discount\SampleMicroservices.Services.Discount.csproj", "{E7C75066-D3E0-4C0B-942E-1A637818584E}"
EndProject
Project("{9A19103F-16F7-4668-BE54-9A1E7A4F7556}") = "SampleMicroservices.Services.Basket", "Services\Basket\SampleMicroservices.Services.Basket\SampleMicroservices.Services.Basket.csproj", "{9F0D3A24-0D68-4AA6-A8B0-FB5A9684ED3D}"
EndProject
Project("{2150E333-8FDC-42A3-9474-1A3956D46DE8}") = "Order", "Order", "{2F037B99-0D93-4F48-A027-C8E78F7D99DB}"
EndProject
Project("{9A19103F-16F7-4668-BE54-9A1E7A4F7556}") = "SampleMicroservices.Services.Order.UI", "Services\Order\SampleMicroservices.Services.Order.UI\SampleMicroservices.Services.Order.UI.csproj", "{630B8FD7-A054-4CA3-BE17-C3C422FFEEB5}"
EndProject
Project("{9A19103F-16F7-4668-BE54-9A1E7A4F7556}") = "SampleMicroservices.Services.Order.Application", "Services\Order\SampleMicroservices.Services.Order.Application\SampleMicroservices.Services.Order.Application.csproj", "{B5FB2FF0-C142-4223-B6EE-DF7DBA104E8C}"
EndProject
Project("{9A19103F-16F7-4668-BE54-9A1E7A4F7556}") = "SampleMicroservices.Services.Order.Domain", "Services\Order\SampleMicroservices.Services.Order.Domain\SampleMicroservices.Services.Order.Domain.csproj", "{95FE3ACF-A96C-4126-B45E-66F36644CFAE}"
EndProject
Project("{9A19103F-16F7-4668-BE54-9A1E7A4F7556}") = "SampleMicroservices.Services.Order.Core", "Services\Order\SampleMicroservices.Services.Order.Core\SampleMicroservices.Services.Order.Core.csproj", "{3583965B-D609-4460-9DCB-FB15ED543F4F}"
EndProject
Project("{9A19103F-16F7-4668-BE54-9A1E7A4F7556}") = "SampleMicroservices.Services.Order.Instracture", "Services\Order\SampleMicroservices.Services.Order.Instracture\SampleMicroservices.Services.Order.Instracture.csproj", "{67532826-B16D-4A34-89B7-3608B865EB3B}"
EndProject
Project("{2150E333-8FDC-42A3-9474-1A3956D46DE8}") = "FakePayment", "FakePayment", "{BEEB6FCE-0C30-4ABB-BC0C-CAF557F3EA51}"
EndProject
Project("{9A19103F-16F7-4668-BE54-9A1E7A4F7556}") = "SampleMicroservices.Services.FakePayment", "Services\FakePayment\SampleMicroservices.Services.FakePayment\SampleMicroservices.Services.FakePayment.csproj", "{8632BB43-1AF3-43FE-B28D-4D69C0482CFD}"
EndProject
Project("{2150E333-8FDC-42A3-9474-1A3956D46DE8}") = "Gateway", "Gateway", "{9D515675-CBFF-4C60-8CFB-607720B6C5C9}"
EndProject
Project("{9A19103F-16F7-4668-BE54-9A1E7A4F7556}") = "SampleMicroservices.Services.APIGateway", "Gateway\SampleMicroservices.Services.APIGateway\SampleMicroservices.Services.APIGateway.csproj", "{2E8F2F79-E0B3-4CFD-A41A-39016A1D8859}"
EndProject
Project("{2150E333-8FDC-42A3-9474-1A3956D46DE8}") = "Frondends", "Frondends", "{8B428419-DF5E-4685-985A-8793C348E758}"
EndProject
Project("{FAE04EC0-301F-11D3-BF4B-00C04F79EFBC}") = "SampleMicroservices.Web", "Frondends\SampleMicroservices.Web\SampleMicroservices.Web.csproj", "{199B67EA-0CA7-4CA1-849B-B62CEFAA578C}"
EndProject
Global
	GlobalSection(SolutionConfigurationPlatforms) = preSolution
		Debug|Any CPU = Debug|Any CPU
		Release|Any CPU = Release|Any CPU
	EndGlobalSection
	GlobalSection(ProjectConfigurationPlatforms) = postSolution
		{ACA33DBB-9B13-40CE-80CC-2ED40BAACF47}.Debug|Any CPU.ActiveCfg = Debug|Any CPU
		{ACA33DBB-9B13-40CE-80CC-2ED40BAACF47}.Debug|Any CPU.Build.0 = Debug|Any CPU
		{ACA33DBB-9B13-40CE-80CC-2ED40BAACF47}.Release|Any CPU.ActiveCfg = Release|Any CPU
		{ACA33DBB-9B13-40CE-80CC-2ED40BAACF47}.Release|Any CPU.Build.0 = Release|Any CPU
		{54D9B862-2777-4D78-8A7A-0CC35204AB9B}.Debug|Any CPU.ActiveCfg = Debug|Any CPU
		{54D9B862-2777-4D78-8A7A-0CC35204AB9B}.Debug|Any CPU.Build.0 = Debug|Any CPU
		{54D9B862-2777-4D78-8A7A-0CC35204AB9B}.Release|Any CPU.ActiveCfg = Release|Any CPU
		{54D9B862-2777-4D78-8A7A-0CC35204AB9B}.Release|Any CPU.Build.0 = Release|Any CPU
		{7051EA89-0C68-4432-B317-C83B1E6398DE}.Debug|Any CPU.ActiveCfg = Debug|Any CPU
		{7051EA89-0C68-4432-B317-C83B1E6398DE}.Debug|Any CPU.Build.0 = Debug|Any CPU
		{7051EA89-0C68-4432-B317-C83B1E6398DE}.Release|Any CPU.ActiveCfg = Release|Any CPU
		{7051EA89-0C68-4432-B317-C83B1E6398DE}.Release|Any CPU.Build.0 = Release|Any CPU
		{AC223C7E-D728-40B0-94C2-AA4C08CCE7F8}.Debug|Any CPU.ActiveCfg = Debug|Any CPU
		{AC223C7E-D728-40B0-94C2-AA4C08CCE7F8}.Debug|Any CPU.Build.0 = Debug|Any CPU
		{AC223C7E-D728-40B0-94C2-AA4C08CCE7F8}.Release|Any CPU.ActiveCfg = Release|Any CPU
		{AC223C7E-D728-40B0-94C2-AA4C08CCE7F8}.Release|Any CPU.Build.0 = Release|Any CPU
		{E7C75066-D3E0-4C0B-942E-1A637818584E}.Debug|Any CPU.ActiveCfg = Debug|Any CPU
		{E7C75066-D3E0-4C0B-942E-1A637818584E}.Debug|Any CPU.Build.0 = Debug|Any CPU
		{E7C75066-D3E0-4C0B-942E-1A637818584E}.Release|Any CPU.ActiveCfg = Release|Any CPU
		{E7C75066-D3E0-4C0B-942E-1A637818584E}.Release|Any CPU.Build.0 = Release|Any CPU
		{9F0D3A24-0D68-4AA6-A8B0-FB5A9684ED3D}.Debug|Any CPU.ActiveCfg = Debug|Any CPU
		{9F0D3A24-0D68-4AA6-A8B0-FB5A9684ED3D}.Debug|Any CPU.Build.0 = Debug|Any CPU
		{9F0D3A24-0D68-4AA6-A8B0-FB5A9684ED3D}.Release|Any CPU.ActiveCfg = Release|Any CPU
		{9F0D3A24-0D68-4AA6-A8B0-FB5A9684ED3D}.Release|Any CPU.Build.0 = Release|Any CPU
		{630B8FD7-A054-4CA3-BE17-C3C422FFEEB5}.Debug|Any CPU.ActiveCfg = Debug|Any CPU
		{630B8FD7-A054-4CA3-BE17-C3C422FFEEB5}.Debug|Any CPU.Build.0 = Debug|Any CPU
		{630B8FD7-A054-4CA3-BE17-C3C422FFEEB5}.Release|Any CPU.ActiveCfg = Release|Any CPU
		{630B8FD7-A054-4CA3-BE17-C3C422FFEEB5}.Release|Any CPU.Build.0 = Release|Any CPU
		{B5FB2FF0-C142-4223-B6EE-DF7DBA104E8C}.Debug|Any CPU.ActiveCfg = Debug|Any CPU
		{B5FB2FF0-C142-4223-B6EE-DF7DBA104E8C}.Debug|Any CPU.Build.0 = Debug|Any CPU
		{B5FB2FF0-C142-4223-B6EE-DF7DBA104E8C}.Release|Any CPU.ActiveCfg = Release|Any CPU
		{B5FB2FF0-C142-4223-B6EE-DF7DBA104E8C}.Release|Any CPU.Build.0 = Release|Any CPU
		{95FE3ACF-A96C-4126-B45E-66F36644CFAE}.Debug|Any CPU.ActiveCfg = Debug|Any CPU
		{95FE3ACF-A96C-4126-B45E-66F36644CFAE}.Debug|Any CPU.Build.0 = Debug|Any CPU
		{95FE3ACF-A96C-4126-B45E-66F36644CFAE}.Release|Any CPU.ActiveCfg = Release|Any CPU
		{95FE3ACF-A96C-4126-B45E-66F36644CFAE}.Release|Any CPU.Build.0 = Release|Any CPU
		{3583965B-D609-4460-9DCB-FB15ED543F4F}.Debug|Any CPU.ActiveCfg = Debug|Any CPU
		{3583965B-D609-4460-9DCB-FB15ED543F4F}.Debug|Any CPU.Build.0 = Debug|Any CPU
		{3583965B-D609-4460-9DCB-FB15ED543F4F}.Release|Any CPU.ActiveCfg = Release|Any CPU
		{3583965B-D609-4460-9DCB-FB15ED543F4F}.Release|Any CPU.Build.0 = Release|Any CPU
		{67532826-B16D-4A34-89B7-3608B865EB3B}.Debug|Any CPU.ActiveCfg = Debug|Any CPU
		{67532826-B16D-4A34-89B7-3608B865EB3B}.Debug|Any CPU.Build.0 = Debug|Any CPU
		{67532826-B16D-4A34-89B7-3608B865EB3B}.Release|Any CPU.ActiveCfg = Release|Any CPU
		{67532826-B16D-4A34-89B7-3608B865EB3B}.Release|Any CPU.Build.0 = Release|Any CPU
		{8632BB43-1AF3-43FE-B28D-4D69C0482CFD}.Debug|Any CPU.ActiveCfg = Debug|Any CPU
		{8632BB43-1AF3-43FE-B28D-4D69C0482CFD}.Debug|Any CPU.Build.0 = Debug|Any CPU
		{8632BB43-1AF3-43FE-B28D-4D69C0482CFD}.Release|Any CPU.ActiveCfg = Release|Any CPU
		{8632BB43-1AF3-43FE-B28D-4D69C0482CFD}.Release|Any CPU.Build.0 = Release|Any CPU
		{2E8F2F79-E0B3-4CFD-A41A-39016A1D8859}.Debug|Any CPU.ActiveCfg = Debug|Any CPU
		{2E8F2F79-E0B3-4CFD-A41A-39016A1D8859}.Debug|Any CPU.Build.0 = Debug|Any CPU
		{2E8F2F79-E0B3-4CFD-A41A-39016A1D8859}.Release|Any CPU.ActiveCfg = Release|Any CPU
		{2E8F2F79-E0B3-4CFD-A41A-39016A1D8859}.Release|Any CPU.Build.0 = Release|Any CPU
		{199B67EA-0CA7-4CA1-849B-B62CEFAA578C}.Debug|Any CPU.ActiveCfg = Debug|Any CPU
		{199B67EA-0CA7-4CA1-849B-B62CEFAA578C}.Debug|Any CPU.Build.0 = Debug|Any CPU
		{199B67EA-0CA7-4CA1-849B-B62CEFAA578C}.Release|Any CPU.ActiveCfg = Release|Any CPU
		{199B67EA-0CA7-4CA1-849B-B62CEFAA578C}.Release|Any CPU.Build.0 = Release|Any CPU
	EndGlobalSection
	GlobalSection(SolutionProperties) = preSolution
		HideSolutionNode = FALSE
	EndGlobalSection
	GlobalSection(NestedProjects) = preSolution
		{27B97E32-A1BD-4945-8407-BFFE21A0292C} = {7418A2DC-69B6-4C9D-88A0-8C63774D784F}
		{ACA33DBB-9B13-40CE-80CC-2ED40BAACF47} = {27B97E32-A1BD-4945-8407-BFFE21A0292C}
		{54D9B862-2777-4D78-8A7A-0CC35204AB9B} = {4D8F6618-F8F0-4CFF-9D11-6D43143FE210}
		{7051EA89-0C68-4432-B317-C83B1E6398DE} = {541334ED-E00A-40CF-99B4-1C1F414EE5F8}
		{5B92A892-2E43-4C09-846A-9440466012CB} = {7418A2DC-69B6-4C9D-88A0-8C63774D784F}
		{AC223C7E-D728-40B0-94C2-AA4C08CCE7F8} = {5B92A892-2E43-4C09-846A-9440466012CB}
		{3961615A-A157-4812-9682-F96EDBFABC3B} = {7418A2DC-69B6-4C9D-88A0-8C63774D784F}
		{33D5A511-C6EC-4D15-B424-8C8CD50B61A1} = {7418A2DC-69B6-4C9D-88A0-8C63774D784F}
		{E7C75066-D3E0-4C0B-942E-1A637818584E} = {33D5A511-C6EC-4D15-B424-8C8CD50B61A1}
		{9F0D3A24-0D68-4AA6-A8B0-FB5A9684ED3D} = {3961615A-A157-4812-9682-F96EDBFABC3B}
		{2F037B99-0D93-4F48-A027-C8E78F7D99DB} = {7418A2DC-69B6-4C9D-88A0-8C63774D784F}
		{630B8FD7-A054-4CA3-BE17-C3C422FFEEB5} = {2F037B99-0D93-4F48-A027-C8E78F7D99DB}
		{B5FB2FF0-C142-4223-B6EE-DF7DBA104E8C} = {2F037B99-0D93-4F48-A027-C8E78F7D99DB}
		{95FE3ACF-A96C-4126-B45E-66F36644CFAE} = {2F037B99-0D93-4F48-A027-C8E78F7D99DB}
		{3583965B-D609-4460-9DCB-FB15ED543F4F} = {2F037B99-0D93-4F48-A027-C8E78F7D99DB}
		{67532826-B16D-4A34-89B7-3608B865EB3B} = {2F037B99-0D93-4F48-A027-C8E78F7D99DB}
		{BEEB6FCE-0C30-4ABB-BC0C-CAF557F3EA51} = {7418A2DC-69B6-4C9D-88A0-8C63774D784F}
		{8632BB43-1AF3-43FE-B28D-4D69C0482CFD} = {BEEB6FCE-0C30-4ABB-BC0C-CAF557F3EA51}
		{2E8F2F79-E0B3-4CFD-A41A-39016A1D8859} = {9D515675-CBFF-4C60-8CFB-607720B6C5C9}
		{199B67EA-0CA7-4CA1-849B-B62CEFAA578C} = {8B428419-DF5E-4685-985A-8793C348E758}
	EndGlobalSection
	GlobalSection(ExtensibilityGlobals) = postSolution
		SolutionGuid = {A5F746C9-DF37-41C7-B69F-58AE8718C46D}
	EndGlobalSection
EndGlobal
